
Microsoft Visual Studio Solution File, Format Version 12.00
# Visual Studio 15
Project("{2150E333-8FDC-42A3-9474-1A3956D46DE8}") = "07 - Test", "07 - Test", "{C46FEB78-3AC4-4B7F-8F4D-AD3902F58391}"
EndProject
Project("{2150E333-8FDC-42A3-9474-1A3956D46DE8}") = "02 - Service", "02 - Service", "{DE1BB543-9E92-4FAB-AF57-482D532B1884}"
EndProject
Project("{FAE04EC0-301F-11D3-BF4B-00C04F79EFBC}") = "StarWarsAPI", "StarWarsAPI\StarWarsAPI.csproj", "{E7D451FB-9E59-4FF2-8F50-071D51FFA0F0}"
EndProject
Project("{2150E333-8FDC-42A3-9474-1A3956D46DE8}") = "04 - Domain", "04 - Domain", "{771E44BB-B070-435A-9AD9-9499610F7614}"
EndProject
Project("{FAE04EC0-301F-11D3-BF4B-00C04F79EFBC}") = "StarWars.Domain", "StarWars.Domain\StarWars.Domain.csproj", "{27DE6760-F1FC-4E3B-95CA-CA559841143E}"
EndProject
Project("{2150E333-8FDC-42A3-9474-1A3956D46DE8}") = "05 - Infra", "05 - Infra", "{793FC0F0-BDF1-4D4D-80CA-3FD4B330EC94}"
EndProject
Project("{2150E333-8FDC-42A3-9474-1A3956D46DE8}") = "CrossCutting", "CrossCutting", "{C11389B1-0DB4-4FB0-B81F-F72F1A4D3404}"
EndProject
Project("{2150E333-8FDC-42A3-9474-1A3956D46DE8}") = "Data", "Data", "{B7D39170-C6AE-4C4B-A8E9-DA758D176CF8}"
EndProject
Project("{FAE04EC0-301F-11D3-BF4B-00C04F79EFBC}") = "StarWars.CrossCutting.IoC", "StarWars.CrossCutting.IoC\StarWars.CrossCutting.IoC.csproj", "{361A2BEC-76E7-4CCF-908B-FE781A1F4D1D}"
EndProject
Project("{FAE04EC0-301F-11D3-BF4B-00C04F79EFBC}") = "StarWars.Infra.Data", "StarWars.Infra.Data\StarWars.Infra.Data.csproj", "{7F377EBC-F916-48FF-B6B5-839FA21F64FB}"
EndProject
Project("{2150E333-8FDC-42A3-9474-1A3956D46DE8}") = "03 - Application", "03 - Application", "{92A44D44-C6BD-4DED-9F63-A1DC855BA5A3}"
EndProject
Project("{FAE04EC0-301F-11D3-BF4B-00C04F79EFBC}") = "StarWars.Application", "StarWars.Application\StarWars.Application.csproj", "{5862AE5C-FE41-46A8-A177-7F5B7D308CEF}"
EndProject
Project("{2150E333-8FDC-42A3-9474-1A3956D46DE8}") = "06 - Lib", "06 - Lib", "{9E89183F-90C4-4202-B415-22BCEA288743}"
EndProject
Project("{FAE04EC0-301F-11D3-BF4B-00C04F79EFBC}") = "StarWars.Lib", "StarWars.Lib\StarWars.Lib.csproj", "{38F255E8-4D88-4967-B152-236E5EEE22FA}"
EndProject
Project("{2150E333-8FDC-42A3-9474-1A3956D46DE8}") = "01 - Presentation", "01 - Presentation", "{6F6BB178-3536-49ED-B7D5-7E6D1BCF9516}"
EndProject
Global
	GlobalSection(SolutionConfigurationPlatforms) = preSolution
		Debug|Any CPU = Debug|Any CPU
		Release|Any CPU = Release|Any CPU
	EndGlobalSection
	GlobalSection(ProjectConfigurationPlatforms) = postSolution
		{E7D451FB-9E59-4FF2-8F50-071D51FFA0F0}.Debug|Any CPU.ActiveCfg = Debug|Any CPU
		{E7D451FB-9E59-4FF2-8F50-071D51FFA0F0}.Debug|Any CPU.Build.0 = Debug|Any CPU
		{E7D451FB-9E59-4FF2-8F50-071D51FFA0F0}.Release|Any CPU.ActiveCfg = Release|Any CPU
		{E7D451FB-9E59-4FF2-8F50-071D51FFA0F0}.Release|Any CPU.Build.0 = Release|Any CPU
		{27DE6760-F1FC-4E3B-95CA-CA559841143E}.Debug|Any CPU.ActiveCfg = Debug|Any CPU
		{27DE6760-F1FC-4E3B-95CA-CA559841143E}.Debug|Any CPU.Build.0 = Debug|Any CPU
		{27DE6760-F1FC-4E3B-95CA-CA559841143E}.Release|Any CPU.ActiveCfg = Release|Any CPU
		{27DE6760-F1FC-4E3B-95CA-CA559841143E}.Release|Any CPU.Build.0 = Release|Any CPU
		{361A2BEC-76E7-4CCF-908B-FE781A1F4D1D}.Debug|Any CPU.ActiveCfg = Debug|Any CPU
		{361A2BEC-76E7-4CCF-908B-FE781A1F4D1D}.Debug|Any CPU.Build.0 = Debug|Any CPU
		{361A2BEC-76E7-4CCF-908B-FE781A1F4D1D}.Release|Any CPU.ActiveCfg = Release|Any CPU
		{361A2BEC-76E7-4CCF-908B-FE781A1F4D1D}.Release|Any CPU.Build.0 = Release|Any CPU
		{7F377EBC-F916-48FF-B6B5-839FA21F64FB}.Debug|Any CPU.ActiveCfg = Debug|Any CPU
		{7F377EBC-F916-48FF-B6B5-839FA21F64FB}.Debug|Any CPU.Build.0 = Debug|Any CPU
		{7F377EBC-F916-48FF-B6B5-839FA21F64FB}.Release|Any CPU.ActiveCfg = Release|Any CPU
		{7F377EBC-F916-48FF-B6B5-839FA21F64FB}.Release|Any CPU.Build.0 = Release|Any CPU
		{5862AE5C-FE41-46A8-A177-7F5B7D308CEF}.Debug|Any CPU.ActiveCfg = Debug|Any CPU
		{5862AE5C-FE41-46A8-A177-7F5B7D308CEF}.Debug|Any CPU.Build.0 = Debug|Any CPU
		{5862AE5C-FE41-46A8-A177-7F5B7D308CEF}.Release|Any CPU.ActiveCfg = Release|Any CPU
		{5862AE5C-FE41-46A8-A177-7F5B7D308CEF}.Release|Any CPU.Build.0 = Release|Any CPU
		{38F255E8-4D88-4967-B152-236E5EEE22FA}.Debug|Any CPU.ActiveCfg = Debug|Any CPU
		{38F255E8-4D88-4967-B152-236E5EEE22FA}.Debug|Any CPU.Build.0 = Debug|Any CPU
		{38F255E8-4D88-4967-B152-236E5EEE22FA}.Release|Any CPU.ActiveCfg = Release|Any CPU
		{38F255E8-4D88-4967-B152-236E5EEE22FA}.Release|Any CPU.Build.0 = Release|Any CPU
	EndGlobalSection
	GlobalSection(NestedProjects) = preSolution
		{E7D451FB-9E59-4FF2-8F50-071D51FFA0F0} = {DE1BB543-9E92-4FAB-AF57-482D532B1884}
		{27DE6760-F1FC-4E3B-95CA-CA559841143E} = {771E44BB-B070-435A-9AD9-9499610F7614}
		{C11389B1-0DB4-4FB0-B81F-F72F1A4D3404} = {793FC0F0-BDF1-4D4D-80CA-3FD4B330EC94}
		{B7D39170-C6AE-4C4B-A8E9-DA758D176CF8} = {793FC0F0-BDF1-4D4D-80CA-3FD4B330EC94}
		{361A2BEC-76E7-4CCF-908B-FE781A1F4D1D} = {C11389B1-0DB4-4FB0-B81F-F72F1A4D3404}
		{7F377EBC-F916-48FF-B6B5-839FA21F64FB} = {B7D39170-C6AE-4C4B-A8E9-DA758D176CF8}
		{5862AE5C-FE41-46A8-A177-7F5B7D308CEF} = {92A44D44-C6BD-4DED-9F63-A1DC855BA5A3}
		{38F255E8-4D88-4967-B152-236E5EEE22FA} = {9E89183F-90C4-4202-B415-22BCEA288743}
	EndGlobalSection
EndGlobal
