
Microsoft Visual Studio Solution File, Format Version 12.00
# Visual Studio 15
Project("{2150E333-8FDC-42A3-9474-1A3956D46DE8}") = "01 - Domain", "01 - Domain", "{0672728A-9FB1-4FE5-BE54-907A5CEEC856}"
EndProject
Project("{2150E333-8FDC-42A3-9474-1A3956D46DE8}") = "03 - Application", "03 - Application", "{466BB6B4-4FE5-4B38-941B-3E1500D10BF0}"
EndProject
Project("{2150E333-8FDC-42A3-9474-1A3956D46DE8}") = "02 - Infra", "02 - Infra", "{B718CF0D-9808-45AD-A721-A1FF8D35BC1D}"
EndProject
Project("{2150E333-8FDC-42A3-9474-1A3956D46DE8}") = "04 - Presentation", "04 - Presentation", "{F278DF71-7A38-43F3-AA25-4AF7E06ECBA9}"
EndProject
Project("{FAE04EC0-301F-11D3-BF4B-00C04F79EFBC}") = "Star_Wars.Domain", "Star_Wars.Domain\Star_Wars.Domain.csproj", "{9BD0F4E4-2DDD-4211-B1C2-6478E835D268}"
EndProject
Project("{FAE04EC0-301F-11D3-BF4B-00C04F79EFBC}") = "Star_Wars.Application", "Star_Wars.Application\Star_Wars.Application.csproj", "{46F74E56-86D6-4711-ABAF-F6669D340920}"
EndProject
Project("{FAE04EC0-301F-11D3-BF4B-00C04F79EFBC}") = "Star_Wars.API", "Star_Wars.API\Star_Wars.API.csproj", "{C052A40D-0502-4791-BE9B-E1FE04A001A3}"
EndProject
Project("{2150E333-8FDC-42A3-9474-1A3956D46DE8}") = "05 - Test", "05 - Test", "{C46FEB78-3AC4-4B7F-8F4D-AD3902F58391}"
EndProject
Project("{2150E333-8FDC-42A3-9474-1A3956D46DE8}") = "06 - Lib", "06 - Lib", "{CA76C6E3-F6B9-42BC-BBD5-16E859A49E2F}"
EndProject
Project("{2150E333-8FDC-42A3-9474-1A3956D46DE8}") = "Data", "Data", "{BD883201-3F25-4439-96D9-0E6B8D84D5C2}"
EndProject
Project("{2150E333-8FDC-42A3-9474-1A3956D46DE8}") = "CrossCutting", "CrossCutting", "{6803F626-E699-4F79-819C-4C2618887FE5}"
EndProject
Project("{FAE04EC0-301F-11D3-BF4B-00C04F79EFBC}") = "Star_wars.Infra.Data", "Star_Wars.Infra.CrossCutting.IoC\Star_Wars.Infra.Data\Star_Wars.Infra.Data\Star_wars.Infra.Data\Star_wars.Infra.Data.csproj", "{4D12FC5A-B495-42A8-8218-A671E31CD8A8}"
EndProject
Project("{FAE04EC0-301F-11D3-BF4B-00C04F79EFBC}") = "Star_Wars.Lib", "Star_Wars.Lib\Star_Wars.Lib.csproj", "{68E45927-182F-44AD-9F66-2EEC6A330B9E}"
EndProject
Project("{FAE04EC0-301F-11D3-BF4B-00C04F79EFBC}") = "Star_Wars.CrossCutting.IoC", "Star_Wars.CrossCutting.IoC\Star_Wars.CrossCutting.IoC.csproj", "{214220AD-8D87-4205-83D2-FEBB3A38FEAA}"
EndProject
Global
	GlobalSection(SolutionConfigurationPlatforms) = preSolution
		Debug|Any CPU = Debug|Any CPU
		Release|Any CPU = Release|Any CPU
	EndGlobalSection
	GlobalSection(ProjectConfigurationPlatforms) = postSolution
		{9BD0F4E4-2DDD-4211-B1C2-6478E835D268}.Debug|Any CPU.ActiveCfg = Debug|Any CPU
		{9BD0F4E4-2DDD-4211-B1C2-6478E835D268}.Debug|Any CPU.Build.0 = Debug|Any CPU
		{9BD0F4E4-2DDD-4211-B1C2-6478E835D268}.Release|Any CPU.ActiveCfg = Release|Any CPU
		{9BD0F4E4-2DDD-4211-B1C2-6478E835D268}.Release|Any CPU.Build.0 = Release|Any CPU
		{46F74E56-86D6-4711-ABAF-F6669D340920}.Debug|Any CPU.ActiveCfg = Debug|Any CPU
		{46F74E56-86D6-4711-ABAF-F6669D340920}.Debug|Any CPU.Build.0 = Debug|Any CPU
		{46F74E56-86D6-4711-ABAF-F6669D340920}.Release|Any CPU.ActiveCfg = Release|Any CPU
		{46F74E56-86D6-4711-ABAF-F6669D340920}.Release|Any CPU.Build.0 = Release|Any CPU
		{C052A40D-0502-4791-BE9B-E1FE04A001A3}.Debug|Any CPU.ActiveCfg = Debug|Any CPU
		{C052A40D-0502-4791-BE9B-E1FE04A001A3}.Debug|Any CPU.Build.0 = Debug|Any CPU
		{C052A40D-0502-4791-BE9B-E1FE04A001A3}.Release|Any CPU.ActiveCfg = Release|Any CPU
		{C052A40D-0502-4791-BE9B-E1FE04A001A3}.Release|Any CPU.Build.0 = Release|Any CPU
		{4D12FC5A-B495-42A8-8218-A671E31CD8A8}.Debug|Any CPU.ActiveCfg = Debug|Any CPU
		{4D12FC5A-B495-42A8-8218-A671E31CD8A8}.Debug|Any CPU.Build.0 = Debug|Any CPU
		{4D12FC5A-B495-42A8-8218-A671E31CD8A8}.Release|Any CPU.ActiveCfg = Release|Any CPU
		{4D12FC5A-B495-42A8-8218-A671E31CD8A8}.Release|Any CPU.Build.0 = Release|Any CPU
		{68E45927-182F-44AD-9F66-2EEC6A330B9E}.Debug|Any CPU.ActiveCfg = Debug|Any CPU
		{68E45927-182F-44AD-9F66-2EEC6A330B9E}.Debug|Any CPU.Build.0 = Debug|Any CPU
		{68E45927-182F-44AD-9F66-2EEC6A330B9E}.Release|Any CPU.ActiveCfg = Release|Any CPU
		{68E45927-182F-44AD-9F66-2EEC6A330B9E}.Release|Any CPU.Build.0 = Release|Any CPU
		{214220AD-8D87-4205-83D2-FEBB3A38FEAA}.Debug|Any CPU.ActiveCfg = Debug|Any CPU
		{214220AD-8D87-4205-83D2-FEBB3A38FEAA}.Debug|Any CPU.Build.0 = Debug|Any CPU
		{214220AD-8D87-4205-83D2-FEBB3A38FEAA}.Release|Any CPU.ActiveCfg = Release|Any CPU
		{214220AD-8D87-4205-83D2-FEBB3A38FEAA}.Release|Any CPU.Build.0 = Release|Any CPU
	EndGlobalSection
	GlobalSection(NestedProjects) = preSolution
		{9BD0F4E4-2DDD-4211-B1C2-6478E835D268} = {0672728A-9FB1-4FE5-BE54-907A5CEEC856}
		{46F74E56-86D6-4711-ABAF-F6669D340920} = {466BB6B4-4FE5-4B38-941B-3E1500D10BF0}
		{C052A40D-0502-4791-BE9B-E1FE04A001A3} = {F278DF71-7A38-43F3-AA25-4AF7E06ECBA9}
		{BD883201-3F25-4439-96D9-0E6B8D84D5C2} = {B718CF0D-9808-45AD-A721-A1FF8D35BC1D}
		{6803F626-E699-4F79-819C-4C2618887FE5} = {B718CF0D-9808-45AD-A721-A1FF8D35BC1D}
		{4D12FC5A-B495-42A8-8218-A671E31CD8A8} = {BD883201-3F25-4439-96D9-0E6B8D84D5C2}
		{68E45927-182F-44AD-9F66-2EEC6A330B9E} = {CA76C6E3-F6B9-42BC-BBD5-16E859A49E2F}
		{214220AD-8D87-4205-83D2-FEBB3A38FEAA} = {6803F626-E699-4F79-819C-4C2618887FE5}
	EndGlobalSection
EndGlobal
